
Microsoft Visual Studio Solution File, Format Version 12.00
# Visual Studio Version 17
VisualStudioVersion = 17.13.35507.96 d17.13
MinimumVisualStudioVersion = 10.0.40219.1
Project("{FAE04EC0-301F-11D3-BF4B-00C04F79EFBC}") = "DmxControlUtilities", "DmxControlUtilities\DmxControlUtilities.csproj", "{6826F9CB-3560-4680-8D6F-A82A636E5534}"
EndProject
Project("{FAE04EC0-301F-11D3-BF4B-00C04F79EFBC}") = "DmxControlUtilitiesConsole", "DmxControlUtilitiesConsole\DmxControlUtilitiesConsole.csproj", "{BB404C63-FBDB-4BF5-AFAF-D9D122F50FDB}"
EndProject
Global
	GlobalSection(SolutionConfigurationPlatforms) = preSolution
		Debug|Any CPU = Debug|Any CPU
		Release|Any CPU = Release|Any CPU
	EndGlobalSection
	GlobalSection(ProjectConfigurationPlatforms) = postSolution
		{6826F9CB-3560-4680-8D6F-A82A636E5534}.Debug|Any CPU.ActiveCfg = Debug|Any CPU
		{6826F9CB-3560-4680-8D6F-A82A636E5534}.Debug|Any CPU.Build.0 = Debug|Any CPU
		{6826F9CB-3560-4680-8D6F-A82A636E5534}.Release|Any CPU.ActiveCfg = Release|Any CPU
		{6826F9CB-3560-4680-8D6F-A82A636E5534}.Release|Any CPU.Build.0 = Release|Any CPU
		{BB404C63-FBDB-4BF5-AFAF-D9D122F50FDB}.Debug|Any CPU.ActiveCfg = Debug|Any CPU
		{BB404C63-FBDB-4BF5-AFAF-D9D122F50FDB}.Debug|Any CPU.Build.0 = Debug|Any CPU
		{BB404C63-FBDB-4BF5-AFAF-D9D122F50FDB}.Release|Any CPU.ActiveCfg = Release|Any CPU
		{BB404C63-FBDB-4BF5-AFAF-D9D122F50FDB}.Release|Any CPU.Build.0 = Release|Any CPU
	EndGlobalSection
	GlobalSection(SolutionProperties) = preSolution
		HideSolutionNode = FALSE
	EndGlobalSection
	GlobalSection(ExtensibilityGlobals) = postSolution
		SolutionGuid = {2C780ED7-0D70-449D-B077-870D440E1BA0}
	EndGlobalSection
EndGlobal
