
Microsoft Visual Studio Solution File, Format Version 12.00
# Visual Studio Version 18
VisualStudioVersion = 18.3.11312.210 d18.3
MinimumVisualStudioVersion = 10.0.40219.1
Project("{FAE04EC0-301F-11D3-BF4B-00C04F79EFBC}") = "DmxControlUtilities", "DmxControlUtilities\DmxControlUtilities.csproj", "{6826F9CB-3560-4680-8D6F-A82A636E5534}"
EndProject
Project("{FAE04EC0-301F-11D3-BF4B-00C04F79EFBC}") = "DmxControlUtilitiesConsole", "DmxControlUtilitiesConsole\DmxControlUtilitiesConsole.csproj", "{BB404C63-FBDB-4BF5-AFAF-D9D122F50FDB}"
EndProject
Project("{FAE04EC0-301F-11D3-BF4B-00C04F79EFBC}") = "DmxControlUtilities.Lib", "DmxControlUtilities.Lib\DmxControlUtilities.Lib.csproj", "{387DB2D3-FDDF-44AB-956A-530B38EA5BFD}"
EndProject
Project("{FAE04EC0-301F-11D3-BF4B-00C04F79EFBC}") = "DmxControlUtilitiesTimecodeSyncer", "DmxControlUtilitiesTimecodeSyncer\DmxControlUtilitiesTimecodeSyncer.csproj", "{78A96F5A-12DE-42E2-98B3-C5E727319B3D}"
EndProject
Project("{FAE04EC0-301F-11D3-BF4B-00C04F79EFBC}") = "LumosProtobuf", "DMXControl3-Network-Interface\LumosProtobuf.csproj", "{8AF58CC3-EF68-7329-7DFD-A960A908729A}"
EndProject
Global
	GlobalSection(SolutionConfigurationPlatforms) = preSolution
		Debug|Any CPU = Debug|Any CPU
		Release|Any CPU = Release|Any CPU
	EndGlobalSection
	GlobalSection(ProjectConfigurationPlatforms) = postSolution
		{6826F9CB-3560-4680-8D6F-A82A636E5534}.Debug|Any CPU.ActiveCfg = Debug|Any CPU
		{6826F9CB-3560-4680-8D6F-A82A636E5534}.Debug|Any CPU.Build.0 = Debug|Any CPU
		{6826F9CB-3560-4680-8D6F-A82A636E5534}.Release|Any CPU.ActiveCfg = Release|Any CPU
		{6826F9CB-3560-4680-8D6F-A82A636E5534}.Release|Any CPU.Build.0 = Release|Any CPU
		{BB404C63-FBDB-4BF5-AFAF-D9D122F50FDB}.Debug|Any CPU.ActiveCfg = Debug|Any CPU
		{BB404C63-FBDB-4BF5-AFAF-D9D122F50FDB}.Debug|Any CPU.Build.0 = Debug|Any CPU
		{BB404C63-FBDB-4BF5-AFAF-D9D122F50FDB}.Release|Any CPU.ActiveCfg = Release|Any CPU
		{BB404C63-FBDB-4BF5-AFAF-D9D122F50FDB}.Release|Any CPU.Build.0 = Release|Any CPU
		{387DB2D3-FDDF-44AB-956A-530B38EA5BFD}.Debug|Any CPU.ActiveCfg = Debug|Any CPU
		{387DB2D3-FDDF-44AB-956A-530B38EA5BFD}.Debug|Any CPU.Build.0 = Debug|Any CPU
		{387DB2D3-FDDF-44AB-956A-530B38EA5BFD}.Release|Any CPU.ActiveCfg = Release|Any CPU
		{387DB2D3-FDDF-44AB-956A-530B38EA5BFD}.Release|Any CPU.Build.0 = Release|Any CPU
		{78A96F5A-12DE-42E2-98B3-C5E727319B3D}.Debug|Any CPU.ActiveCfg = Debug|Any CPU
		{78A96F5A-12DE-42E2-98B3-C5E727319B3D}.Debug|Any CPU.Build.0 = Debug|Any CPU
		{78A96F5A-12DE-42E2-98B3-C5E727319B3D}.Release|Any CPU.ActiveCfg = Release|Any CPU
		{78A96F5A-12DE-42E2-98B3-C5E727319B3D}.Release|Any CPU.Build.0 = Release|Any CPU
		{8AF58CC3-EF68-7329-7DFD-A960A908729A}.Debug|Any CPU.ActiveCfg = Debug|Any CPU
		{8AF58CC3-EF68-7329-7DFD-A960A908729A}.Debug|Any CPU.Build.0 = Debug|Any CPU
		{8AF58CC3-EF68-7329-7DFD-A960A908729A}.Release|Any CPU.ActiveCfg = Release|Any CPU
		{8AF58CC3-EF68-7329-7DFD-A960A908729A}.Release|Any CPU.Build.0 = Release|Any CPU
	EndGlobalSection
	GlobalSection(SolutionProperties) = preSolution
		HideSolutionNode = FALSE
	EndGlobalSection
	GlobalSection(ExtensibilityGlobals) = postSolution
		SolutionGuid = {2C780ED7-0D70-449D-B077-870D440E1BA0}
	EndGlobalSection
EndGlobal
